
Microsoft Visual Studio Solution File, Format Version 12.00
# Visual Studio Version 17
VisualStudioVersion = 17.9.34902.65
MinimumVisualStudioVersion = 10.0.40219.1
Project("{9A19103F-16F7-4668-BE54-9A1E7A4F7556}") = "FramePeak", "FramePeak\FramePeak.csproj", "{CBAFCE92-4C0A-42BB-9147-CB55942E78CD}"
EndProject
Global
	GlobalSection(SolutionConfigurationPlatforms) = preSolution
		Debug|Any CPU = Debug|Any CPU
		Release|Any CPU = Release|Any CPU
	EndGlobalSection
	GlobalSection(ProjectConfigurationPlatforms) = postSolution
		{CBAFCE92-4C0A-42BB-9147-CB55942E78CD}.Debug|Any CPU.ActiveCfg = Debug|Any CPU
		{CBAFCE92-4C0A-42BB-9147-CB55942E78CD}.Debug|Any CPU.Build.0 = Debug|Any CPU
		{CBAFCE92-4C0A-42BB-9147-CB55942E78CD}.Release|Any CPU.ActiveCfg = Release|Any CPU
		{CBAFCE92-4C0A-42BB-9147-CB55942E78CD}.Release|Any CPU.Build.0 = Release|Any CPU
	EndGlobalSection
	GlobalSection(SolutionProperties) = preSolution
		HideSolutionNode = FALSE
	EndGlobalSection
	GlobalSection(ExtensibilityGlobals) = postSolution
		SolutionGuid = {345762E0-3076-4F06-9CFB-541893A7FDB7}
	EndGlobalSection
EndGlobal
